// !$*UTF8*$!
{
	archiveVersion = 1;
	classes = {
	};
	objectVersion = 50;
	objects = {

/* Begin PBXBuildFile section */
		354F349024A7230F00585F0D /* Trapezoid.swift in Sources */ = {isa = PBXBuildFile; fileRef = 354F348F24A7230F00585F0D /* Trapezoid.swift */; };
		354F349224A7243300585F0D /* Checkerboard.swift in Sources */ = {isa = PBXBuildFile; fileRef = 354F349124A7243300585F0D /* Checkerboard.swift */; };
		3582FDB82496007700684466 /* AppDelegate.swift in Sources */ = {isa = PBXBuildFile; fileRef = 3582FDB72496007700684466 /* AppDelegate.swift */; };
		3582FDBA2496007700684466 /* SceneDelegate.swift in Sources */ = {isa = PBXBuildFile; fileRef = 3582FDB92496007700684466 /* SceneDelegate.swift */; };
		3582FDBC2496007700684466 /* ContentView.swift in Sources */ = {isa = PBXBuildFile; fileRef = 3582FDBB2496007700684466 /* ContentView.swift */; };
		3582FDBE2496007800684466 /* Assets.xcassets in Resources */ = {isa = PBXBuildFile; fileRef = 3582FDBD2496007800684466 /* Assets.xcassets */; };
		3582FDC12496007800684466 /* Preview Assets.xcassets in Resources */ = {isa = PBXBuildFile; fileRef = 3582FDC02496007800684466 /* Preview Assets.xcassets */; };
		3582FDC42496007800684466 /* LaunchScreen.storyboard in Resources */ = {isa = PBXBuildFile; fileRef = 3582FDC22496007800684466 /* LaunchScreen.storyboard */; };
		3582FDCC249605EC00684466 /* Triangle.swift in Sources */ = {isa = PBXBuildFile; fileRef = 3582FDCB249605EC00684466 /* Triangle.swift */; };
		3582FDCE2496071100684466 /* Arc.swift in Sources */ = {isa = PBXBuildFile; fileRef = 3582FDCD2496071100684466 /* Arc.swift */; };
		3582FDD02496141D00684466 /* Flower.swift in Sources */ = {isa = PBXBuildFile; fileRef = 3582FDCF2496141D00684466 /* Flower.swift */; };
		3582FDD22496163E00684466 /* ColorCyclingCircle.swift in Sources */ = {isa = PBXBuildFile; fileRef = 3582FDD12496163E00684466 /* ColorCyclingCircle.swift */; };
/* End PBXBuildFile section */

/* Begin PBXFileReference section */
		354F348F24A7230F00585F0D /* Trapezoid.swift */ = {isa = PBXFileReference; lastKnownFileType = sourcecode.swift; path = Trapezoid.swift; sourceTree = "<group>"; };
		354F349124A7243300585F0D /* Checkerboard.swift */ = {isa = PBXFileReference; lastKnownFileType = sourcecode.swift; path = Checkerboard.swift; sourceTree = "<group>"; };
		3582FDB42496007700684466 /* Drawing.app */ = {isa = PBXFileReference; explicitFileType = wrapper.application; includeInIndex = 0; path = Drawing.app; sourceTree = BUILT_PRODUCTS_DIR; };
		3582FDB72496007700684466 /* AppDelegate.swift */ = {isa = PBXFileReference; lastKnownFileType = sourcecode.swift; path = AppDelegate.swift; sourceTree = "<group>"; };
		3582FDB92496007700684466 /* SceneDelegate.swift */ = {isa = PBXFileReference; lastKnownFileType = sourcecode.swift; path = SceneDelegate.swift; sourceTree = "<group>"; };
		3582FDBB2496007700684466 /* ContentView.swift */ = {isa = PBXFileReference; lastKnownFileType = sourcecode.swift; path = ContentView.swift; sourceTree = "<group>"; };
		3582FDBD2496007800684466 /* Assets.xcassets */ = {isa = PBXFileReference; lastKnownFileType = folder.assetcatalog; path = Assets.xcassets; sourceTree = "<group>"; };
		3582FDC02496007800684466 /* Preview Assets.xcassets */ = {isa = PBXFileReference; lastKnownFileType = folder.assetcatalog; path = "Preview Assets.xcassets"; sourceTree = "<group>"; };
		3582FDC32496007800684466 /* Base */ = {isa = PBXFileReference; lastKnownFileType = file.storyboard; name = Base; path = Base.lproj/LaunchScreen.storyboard; sourceTree = "<group>"; };
		3582FDC52496007800684466 /* Info.plist */ = {isa = PBXFileReference; lastKnownFileType = text.plist.xml; path = Info.plist; sourceTree = "<group>"; };
		3582FDCB249605EC00684466 /* Triangle.swift */ = {isa = PBXFileReference; lastKnownFileType = sourcecode.swift; path = Triangle.swift; sourceTree = "<group>"; };
		3582FDCD2496071100684466 /* Arc.swift */ = {isa = PBXFileReference; lastKnownFileType = sourcecode.swift; path = Arc.swift; sourceTree = "<group>"; };
		3582FDCF2496141D00684466 /* Flower.swift */ = {isa = PBXFileReference; lastKnownFileType = sourcecode.swift; path = Flower.swift; sourceTree = "<group>"; };
		3582FDD12496163E00684466 /* ColorCyclingCircle.swift */ = {isa = PBXFileReference; lastKnownFileType = sourcecode.swift; path = ColorCyclingCircle.swift; sourceTree = "<group>"; };
/* End PBXFileReference section */

/* Begin PBXFrameworksBuildPhase section */
		3582FDB12496007700684466 /* Frameworks */ = {
			isa = PBXFrameworksBuildPhase;
			buildActionMask = 2147483647;
			files = (
			);
			runOnlyForDeploymentPostprocessing = 0;
		};
/* End PBXFrameworksBuildPhase section */

/* Begin PBXGroup section */
		3582FDAB2496007700684466 = {
			isa = PBXGroup;
			children = (
				3582FDB62496007700684466 /* Drawing */,
				3582FDB52496007700684466 /* Products */,
			);
			sourceTree = "<group>";
		};
		3582FDB52496007700684466 /* Products */ = {
			isa = PBXGroup;
			children = (
				3582FDB42496007700684466 /* Drawing.app */,
			);
			name = Products;
			sourceTree = "<group>";
		};
		3582FDB62496007700684466 /* Drawing */ = {
			isa = PBXGroup;
			children = (
				3582FDB72496007700684466 /* AppDelegate.swift */,
				3582FDB92496007700684466 /* SceneDelegate.swift */,
				3582FDBB2496007700684466 /* ContentView.swift */,
				3582FDCB249605EC00684466 /* Triangle.swift */,
				3582FDD12496163E00684466 /* ColorCyclingCircle.swift */,
				354F348F24A7230F00585F0D /* Trapezoid.swift */,
				354F349124A7243300585F0D /* Checkerboard.swift */,
				3582FDCD2496071100684466 /* Arc.swift */,
				3582FDCF2496141D00684466 /* Flower.swift */,
				3582FDBD2496007800684466 /* Assets.xcassets */,
				3582FDC22496007800684466 /* LaunchScreen.storyboard */,
				3582FDC52496007800684466 /* Info.plist */,
				3582FDBF2496007800684466 /* Preview Content */,
			);
			path = Drawing;
			sourceTree = "<group>";
		};
		3582FDBF2496007800684466 /* Preview Content */ = {
			isa = PBXGroup;
			children = (
				3582FDC02496007800684466 /* Preview Assets.xcassets */,
			);
			path = "Preview Content";
			sourceTree = "<group>";
		};
/* End PBXGroup section */

/* Begin PBXNativeTarget section */
		3582FDB32496007700684466 /* Drawing */ = {
			isa = PBXNativeTarget;
			buildConfigurationList = 3582FDC82496007800684466 /* Build configuration list for PBXNativeTarget "Drawing" */;
			buildPhases = (
				3582FDB02496007700684466 /* Sources */,
				3582FDB12496007700684466 /* Frameworks */,
				3582FDB22496007700684466 /* Resources */,
			);
			buildRules = (
			);
			dependencies = (
			);
			name = Drawing;
			productName = Drawing;
			productReference = 3582FDB42496007700684466 /* Drawing.app */;
			productType = "com.apple.product-type.application";
		};
/* End PBXNativeTarget section */

/* Begin PBXProject section */
		3582FDAC2496007700684466 /* Project object */ = {
			isa = PBXProject;
			attributes = {
				LastSwiftUpdateCheck = 1140;
				LastUpgradeCheck = 1140;
				ORGANIZATIONNAME = ACartagena;
				TargetAttributes = {
					3582FDB32496007700684466 = {
						CreatedOnToolsVersion = 11.4.1;
					};
				};
			};
			buildConfigurationList = 3582FDAF2496007700684466 /* Build configuration list for PBXProject "Drawing" */;
			compatibilityVersion = "Xcode 9.3";
			developmentRegion = en;
			hasScannedForEncodings = 0;
			knownRegions = (
				en,
				Base,
			);
			mainGroup = 3582FDAB2496007700684466;
			productRefGroup = 3582FDB52496007700684466 /* Products */;
			projectDirPath = "";
			projectRoot = "";
			targets = (
				3582FDB32496007700684466 /* Drawing */,
			);
		};
/* End PBXProject section */

/* Begin PBXResourcesBuildPhase section */
		3582FDB22496007700684466 /* Resources */ = {
			isa = PBXResourcesBuildPhase;
			buildActionMask = 2147483647;
			files = (
				3582FDC42496007800684466 /* LaunchScreen.storyboard in Resources */,
				3582FDC12496007800684466 /* Preview Assets.xcassets in Resources */,
				3582FDBE2496007800684466 /* Assets.xcassets in Resources */,
			);
			runOnlyForDeploymentPostprocessing = 0;
		};
/* End PBXResourcesBuildPhase section */

/* Begin PBXSourcesBuildPhase section */
		3582FDB02496007700684466 /* Sources */ = {
			isa = PBXSourcesBuildPhase;
			buildActionMask = 2147483647;
			files = (
				3582FDB82496007700684466 /* AppDelegate.swift in Sources */,
				3582FDD22496163E00684466 /* ColorCyclingCircle.swift in Sources */,
				3582FDBA2496007700684466 /* SceneDelegate.swift in Sources */,
				354F349224A7243300585F0D /* Checkerboard.swift in Sources */,
				3582FDD02496141D00684466 /* Flower.swift in Sources */,
				354F349024A7230F00585F0D /* Trapezoid.swift in Sources */,
				3582FDCE2496071100684466 /* Arc.swift in Sources */,
				3582FDBC2496007700684466 /* ContentView.swift in Sources */,
				3582FDCC249605EC00684466 /* Triangle.swift in Sources */,
			);
			runOnlyForDeploymentPostprocessing = 0;
		};
/* End PBXSourcesBuildPhase section */

/* Begin PBXVariantGroup section */
		3582FDC22496007800684466 /* LaunchScreen.storyboard */ = {
			isa = PBXVariantGroup;
			children = (
				3582FDC32496007800684466 /* Base */,
			);
			name = LaunchScreen.storyboard;
			sourceTree = "<group>";
		};
/* End PBXVariantGroup section */

/* Begin XCBuildConfiguration section */
		3582FDC62496007800684466 /* Debug */ = {
			isa = XCBuildConfiguration;
			buildSettings = {
				ALWAYS_SEARCH_USER_PATHS = NO;
				CLANG_ANALYZER_NONNULL = YES;
				CLANG_ANALYZER_NUMBER_OBJECT_CONVERSION = YES_AGGRESSIVE;
				CLANG_CXX_LANGUAGE_STANDARD = "gnu++14";
				CLANG_CXX_LIBRARY = "libc++";
				CLANG_ENABLE_MODULES = YES;
				CLANG_ENABLE_OBJC_ARC = YES;
				CLANG_ENABLE_OBJC_WEAK = YES;
				CLANG_WARN_BLOCK_CAPTURE_AUTORELEASING = YES;
				CLANG_WARN_BOOL_CONVERSION = YES;
				CLANG_WARN_COMMA = YES;
				CLANG_WARN_CONSTANT_CONVERSION = YES;
				CLANG_WARN_DEPRECATED_OBJC_IMPLEMENTATIONS = YES;
				CLANG_WARN_DIRECT_OBJC_ISA_USAGE = YES_ERROR;
				CLANG_WARN_DOCUMENTATION_COMMENTS = YES;
				CLANG_WARN_EMPTY_BODY = YES;
				CLANG_WARN_ENUM_CONVERSION = YES;
				CLANG_WARN_INFINITE_RECURSION = YES;
				CLANG_WARN_INT_CONVERSION = YES;
				CLANG_WARN_NON_LITERAL_NULL_CONVERSION = YES;
				CLANG_WARN_OBJC_IMPLICIT_RETAIN_SELF = YES;
				CLANG_WARN_OBJC_LITERAL_CONVERSION = YES;
				CLANG_WARN_OBJC_ROOT_CLASS = YES_ERROR;
				CLANG_WARN_RANGE_LOOP_ANALYSIS = YES;
				CLANG_WARN_STRICT_PROTOTYPES = YES;
				CLANG_WARN_SUSPICIOUS_MOVE = YES;
				CLANG_WARN_UNGUARDED_AVAILABILITY = YES_AGGRESSIVE;
				CLANG_WARN_UNREACHABLE_CODE = YES;
				CLANG_WARN__DUPLICATE_METHOD_MATCH = YES;
				COPY_PHASE_STRIP = NO;
				DEBUG_INFORMATION_FORMAT = dwarf;
				ENABLE_STRICT_OBJC_MSGSEND = YES;
				ENABLE_TESTABILITY = YES;
				GCC_C_LANGUAGE_STANDARD = gnu11;
				GCC_DYNAMIC_NO_PIC = NO;
				GCC_NO_COMMON_BLOCKS = YES;
				GCC_OPTIMIZATION_LEVEL = 0;
				GCC_PREPROCESSOR_DEFINITIONS = (
					"DEBUG=1",
					"$(inherited)",
				);
				GCC_WARN_64_TO_32_BIT_CONVERSION = YES;
				GCC_WARN_ABOUT_RETURN_TYPE = YES_ERROR;
				GCC_WARN_UNDECLARED_SELECTOR = YES;
				GCC_WARN_UNINITIALIZED_AUTOS = YES_AGGRESSIVE;
				GCC_WARN_UNUSED_FUNCTION = YES;
				GCC_WARN_UNUSED_VARIABLE = YES;
				IPHONEOS_DEPLOYMENT_TARGET = 13.4;
				MTL_ENABLE_DEBUG_INFO = INCLUDE_SOURCE;
				MTL_FAST_MATH = YES;
				ONLY_ACTIVE_ARCH = YES;
				SDKROOT = iphoneos;
				SWIFT_ACTIVE_COMPILATION_CONDITIONS = DEBUG;
				SWIFT_OPTIMIZATION_LEVEL = "-Onone";
			};
			name = Debug;
		};
		3582FDC72496007800684466 /* Release */ = {
			isa = XCBuildConfiguration;
			buildSettings = {
				ALWAYS_SEARCH_USER_PATHS = NO;
				CLANG_ANALYZER_NONNULL = YES;
				CLANG_ANALYZER_NUMBER_OBJECT_CONVERSION = YES_AGGRESSIVE;
				CLANG_CXX_LANGUAGE_STANDARD = "gnu++14";
				CLANG_CXX_LIBRARY = "libc++";
				CLANG_ENABLE_MODULES = YES;
				CLANG_ENABLE_OBJC_ARC = YES;
				CLANG_ENABLE_OBJC_WEAK = YES;
				CLANG_WARN_BLOCK_CAPTURE_AUTORELEASING = YES;
				CLANG_WARN_BOOL_CONVERSION = YES;
				CLANG_WARN_COMMA = YES;
				CLANG_WARN_CONSTANT_CONVERSION = YES;
				CLANG_WARN_DEPRECATED_OBJC_IMPLEMENTATIONS = YES;
				CLANG_WARN_DIRECT_OBJC_ISA_USAGE = YES_ERROR;
				CLANG_WARN_DOCUMENTATION_COMMENTS = YES;
				CLANG_WARN_EMPTY_BODY = YES;
				CLANG_WARN_ENUM_CONVERSION = YES;
				CLANG_WARN_INFINITE_RECURSION = YES;
				CLANG_WARN_INT_CONVERSION = YES;
				CLANG_WARN_NON_LITERAL_NULL_CONVERSION = YES;
				CLANG_WARN_OBJC_IMPLICIT_RETAIN_SELF = YES;
				CLANG_WARN_OBJC_LITERAL_CONVERSION = YES;
				CLANG_WARN_OBJC_ROOT_CLASS = YES_ERROR;
				CLANG_WARN_RANGE_LOOP_ANALYSIS = YES;
				CLANG_WARN_STRICT_PROTOTYPES = YES;
				CLANG_WARN_SUSPICIOUS_MOVE = YES;
				CLANG_WARN_UNGUARDED_AVAILABILITY = YES_AGGRESSIVE;
				CLANG_WARN_UNREACHABLE_CODE = YES;
				CLANG_WARN__DUPLICATE_METHOD_MATCH = YES;
				COPY_PHASE_STRIP = NO;
				DEBUG_INFORMATION_FORMAT = "dwarf-with-dsym";
				ENABLE_NS_ASSERTIONS = NO;
				ENABLE_STRICT_OBJC_MSGSEND = YES;
				GCC_C_LANGUAGE_STANDARD = gnu11;
				GCC_NO_COMMON_BLOCKS = YES;
				GCC_WARN_64_TO_32_BIT_CONVERSION = YES;
				GCC_WARN_ABOUT_RETURN_TYPE = YES_ERROR;
				GCC_WARN_UNDECLARED_SELECTOR = YES;
				GCC_WARN_UNINITIALIZED_AUTOS = YES_AGGRESSIVE;
				GCC_WARN_UNUSED_FUNCTION = YES;
				GCC_WARN_UNUSED_VARIABLE = YES;
				IPHONEOS_DEPLOYMENT_TARGET = 13.4;
				MTL_ENABLE_DEBUG_INFO = NO;
				MTL_FAST_MATH = YES;
				SDKROOT = iphoneos;
				SWIFT_COMPILATION_MODE = wholemodule;
				SWIFT_OPTIMIZATION_LEVEL = "-O";
				VALIDATE_PRODUCT = YES;
			};
			name = Release;
		};
		3582FDC92496007800684466 /* Debug */ = {
			isa = XCBuildConfiguration;
			buildSettings = {
				ASSETCATALOG_COMPILER_APPICON_NAME = AppIcon;
				CODE_SIGN_STYLE = Automatic;
				DEVELOPMENT_ASSET_PATHS = "\"Drawing/Preview Content\"";
				DEVELOPMENT_TEAM = VWW575E2Q5;
				ENABLE_PREVIEWS = YES;
				INFOPLIST_FILE = Drawing/Info.plist;
				LD_RUNPATH_SEARCH_PATHS = (
					"$(inherited)",
					"@executable_path/Frameworks",
				);
				PRODUCT_BUNDLE_IDENTIFIER = com.acicartagena.Drawing;
				PRODUCT_NAME = "$(TARGET_NAME)";
				SWIFT_VERSION = 5.0;
				TARGETED_DEVICE_FAMILY = "1,2";
			};
			name = Debug;
		};
		3582FDCA2496007800684466 /* Release */ = {
			isa = XCBuildConfiguration;
			buildSettings = {
				ASSETCATALOG_COMPILER_APPICON_NAME = AppIcon;
				CODE_SIGN_STYLE = Automatic;
				DEVELOPMENT_ASSET_PATHS = "\"Drawing/Preview Content\"";
				DEVELOPMENT_TEAM = VWW575E2Q5;
				ENABLE_PREVIEWS = YES;
				INFOPLIST_FILE = Drawing/Info.plist;
				LD_RUNPATH_SEARCH_PATHS = (
					"$(inherited)",
					"@executable_path/Frameworks",
				);
				PRODUCT_BUNDLE_IDENTIFIER = com.acicartagena.Drawing;
				PRODUCT_NAME = "$(TARGET_NAME)";
				SWIFT_VERSION = 5.0;
				TARGETED_DEVICE_FAMILY = "1,2";
			};
			name = Release;
		};
/* End XCBuildConfiguration section */

/* Begin XCConfigurationList section */
		3582FDAF2496007700684466 /* Build configuration list for PBXProject "Drawing" */ = {
			isa = XCConfigurationList;
			buildConfigurations = (
				3582FDC62496007800684466 /* Debug */,
				3582FDC72496007800684466 /* Release */,
			);
			defaultConfigurationIsVisible = 0;
			defaultConfigurationName = Release;
		};
		3582FDC82496007800684466 /* Build configuration list for PBXNativeTarget "Drawing" */ = {
			isa = XCConfigurationList;
			buildConfigurations = (
				3582FDC92496007800684466 /* Debug */,
				3582FDCA2496007800684466 /* Release */,
			);
			defaultConfigurationIsVisible = 0;
			defaultConfigurationName = Release;
		};
/* End XCConfigurationList section */
	};
	rootObject = 3582FDAC2496007700684466 /* Project object */;
}
